// !$*UTF8*$!
{
	archiveVersion = 1;
	classes = {
	};
	objectVersion = 48;
	objects = {

/* Begin PBXBuildFile section */
		0511B8A6201829000000B2F0 /* AppDelegate.m in Sources */ = {isa = PBXBuildFile; fileRef = 0511B8A5201829000000B2F0 /* AppDelegate.m */; };
		0511B8A9201829000000B2F0 /* ViewController.m in Sources */ = {isa = PBXBuildFile; fileRef = 0511B8A8201829000000B2F0 /* ViewController.m */; };
		0511B8AC201829000000B2F0 /* Main.storyboard in Resources */ = {isa = PBXBuildFile; fileRef = 0511B8AA201829000000B2F0 /* Main.storyboard */; };
		0511B8AE201829000000B2F0 /* Assets.xcassets in Resources */ = {isa = PBXBuildFile; fileRef = 0511B8AD201829000000B2F0 /* Assets.xcassets */; };
		0511B8B1201829000000B2F0 /* LaunchScreen.storyboard in Resources */ = {isa = PBXBuildFile; fileRef = 0511B8AF201829000000B2F0 /* LaunchScreen.storyboard */; };
		0511B8B4201829000000B2F0 /* main.m in Sources */ = {isa = PBXBuildFile; fileRef = 0511B8B3201829000000B2F0 /* main.m */; };
		0511B8BE201829000000B2F0 /* FirstOcPodsTests.m in Sources */ = {isa = PBXBuildFile; fileRef = 0511B8BD201829000000B2F0 /* FirstOcPodsTests.m */; };
		0511B8C9201829000000B2F0 /* FirstOcPodsUITests.m in Sources */ = {isa = PBXBuildFile; fileRef = 0511B8C8201829000000B2F0 /* FirstOcPodsUITests.m */; };
		05DED53C20187823008F920D /* MapViewController.m in Sources */ = {isa = PBXBuildFile; fileRef = 05DED53B20187823008F920D /* MapViewController.m */; };
		0FDB7C00E35A029A8F4E8765 /* libPods-FirstOcPods.a in Frameworks */ = {isa = PBXBuildFile; fileRef = DB4C466DEBB90F79D4BD67D8 /* libPods-FirstOcPods.a */; };
/* End PBXBuildFile section */

/* Begin PBXContainerItemProxy section */
		0511B8BA201829000000B2F0 /* PBXContainerItemProxy */ = {
			isa = PBXContainerItemProxy;
			containerPortal = 0511B899201829000000B2F0 /* Project object */;
			proxyType = 1;
			remoteGlobalIDString = 0511B8A0201829000000B2F0;
			remoteInfo = FirstOcPods;
		};
		0511B8C5201829000000B2F0 /* PBXContainerItemProxy */ = {
			isa = PBXContainerItemProxy;
			containerPortal = 0511B899201829000000B2F0 /* Project object */;
			proxyType = 1;
			remoteGlobalIDString = 0511B8A0201829000000B2F0;
			remoteInfo = FirstOcPods;
		};
/* End PBXContainerItemProxy section */

/* Begin PBXFileReference section */
		0032B36A7DB078A54E3352B1 /* Pods-FirstOcPods.release.xcconfig */ = {isa = PBXFileReference; includeInIndex = 1; lastKnownFileType = text.xcconfig; name = "Pods-FirstOcPods.release.xcconfig"; path = "Pods/Target Support Files/Pods-FirstOcPods/Pods-FirstOcPods.release.xcconfig"; sourceTree = "<group>"; };
		0511B8A1201829000000B2F0 /* FirstOcPods.app */ = {isa = PBXFileReference; explicitFileType = wrapper.application; includeInIndex = 0; path = FirstOcPods.app; sourceTree = BUILT_PRODUCTS_DIR; };
		0511B8A4201829000000B2F0 /* AppDelegate.h */ = {isa = PBXFileReference; lastKnownFileType = sourcecode.c.h; path = AppDelegate.h; sourceTree = "<group>"; };
		0511B8A5201829000000B2F0 /* AppDelegate.m */ = {isa = PBXFileReference; lastKnownFileType = sourcecode.c.objc; path = AppDelegate.m; sourceTree = "<group>"; };
		0511B8A7201829000000B2F0 /* ViewController.h */ = {isa = PBXFileReference; lastKnownFileType = sourcecode.c.h; path = ViewController.h; sourceTree = "<group>"; };
		0511B8A8201829000000B2F0 /* ViewController.m */ = {isa = PBXFileReference; lastKnownFileType = sourcecode.c.objc; path = ViewController.m; sourceTree = "<group>"; };
		0511B8AB201829000000B2F0 /* Base */ = {isa = PBXFileReference; lastKnownFileType = file.storyboard; name = Base; path = Base.lproj/Main.storyboard; sourceTree = "<group>"; };
		0511B8AD201829000000B2F0 /* Assets.xcassets */ = {isa = PBXFileReference; lastKnownFileType = folder.assetcatalog; path = Assets.xcassets; sourceTree = "<group>"; };
		0511B8B0201829000000B2F0 /* Base */ = {isa = PBXFileReference; lastKnownFileType = file.storyboard; name = Base; path = Base.lproj/LaunchScreen.storyboard; sourceTree = "<group>"; };
		0511B8B2201829000000B2F0 /* Info.plist */ = {isa = PBXFileReference; lastKnownFileType = text.plist.xml; path = Info.plist; sourceTree = "<group>"; };
		0511B8B3201829000000B2F0 /* main.m */ = {isa = PBXFileReference; lastKnownFileType = sourcecode.c.objc; path = main.m; sourceTree = "<group>"; };
		0511B8B9201829000000B2F0 /* FirstOcPodsTests.xctest */ = {isa = PBXFileReference; explicitFileType = wrapper.cfbundle; includeInIndex = 0; path = FirstOcPodsTests.xctest; sourceTree = BUILT_PRODUCTS_DIR; };
		0511B8BD201829000000B2F0 /* FirstOcPodsTests.m */ = {isa = PBXFileReference; lastKnownFileType = sourcecode.c.objc; path = FirstOcPodsTests.m; sourceTree = "<group>"; };
		0511B8BF201829000000B2F0 /* Info.plist */ = {isa = PBXFileReference; lastKnownFileType = text.plist.xml; path = Info.plist; sourceTree = "<group>"; };
		0511B8C4201829000000B2F0 /* FirstOcPodsUITests.xctest */ = {isa = PBXFileReference; explicitFileType = wrapper.cfbundle; includeInIndex = 0; path = FirstOcPodsUITests.xctest; sourceTree = BUILT_PRODUCTS_DIR; };
		0511B8C8201829000000B2F0 /* FirstOcPodsUITests.m */ = {isa = PBXFileReference; lastKnownFileType = sourcecode.c.objc; path = FirstOcPodsUITests.m; sourceTree = "<group>"; };
		0511B8CA201829000000B2F0 /* Info.plist */ = {isa = PBXFileReference; lastKnownFileType = text.plist.xml; path = Info.plist; sourceTree = "<group>"; };
		05DED53A20187823008F920D /* MapViewController.h */ = {isa = PBXFileReference; lastKnownFileType = sourcecode.c.h; path = MapViewController.h; sourceTree = "<group>"; };
		05DED53B20187823008F920D /* MapViewController.m */ = {isa = PBXFileReference; lastKnownFileType = sourcecode.c.objc; path = MapViewController.m; sourceTree = "<group>"; };
		51E605384A311AAAB41F950D /* Pods-FirstOcPods.debug.xcconfig */ = {isa = PBXFileReference; includeInIndex = 1; lastKnownFileType = text.xcconfig; name = "Pods-FirstOcPods.debug.xcconfig"; path = "Pods/Target Support Files/Pods-FirstOcPods/Pods-FirstOcPods.debug.xcconfig"; sourceTree = "<group>"; };
		DB4C466DEBB90F79D4BD67D8 /* libPods-FirstOcPods.a */ = {isa = PBXFileReference; explicitFileType = archive.ar; includeInIndex = 0; path = "libPods-FirstOcPods.a"; sourceTree = BUILT_PRODUCTS_DIR; };
/* End PBXFileReference section */

/* Begin PBXFrameworksBuildPhase section */
		0511B89E201829000000B2F0 /* Frameworks */ = {
			isa = PBXFrameworksBuildPhase;
			buildActionMask = 2147483647;
			files = (
				0FDB7C00E35A029A8F4E8765 /* libPods-FirstOcPods.a in Frameworks */,
			);
			runOnlyForDeploymentPostprocessing = 0;
		};
		0511B8B6201829000000B2F0 /* Frameworks */ = {
			isa = PBXFrameworksBuildPhase;
			buildActionMask = 2147483647;
			files = (
			);
			runOnlyForDeploymentPostprocessing = 0;
		};
		0511B8C1201829000000B2F0 /* Frameworks */ = {
			isa = PBXFrameworksBuildPhase;
			buildActionMask = 2147483647;
			files = (
			);
			runOnlyForDeploymentPostprocessing = 0;
		};
/* End PBXFrameworksBuildPhase section */

/* Begin PBXGroup section */
		0511B898201829000000B2F0 = {
			isa = PBXGroup;
			children = (
				0511B8A3201829000000B2F0 /* FirstOcPods */,
				0511B8BC201829000000B2F0 /* FirstOcPodsTests */,
				0511B8C7201829000000B2F0 /* FirstOcPodsUITests */,
				0511B8A2201829000000B2F0 /* Products */,
				49E06746EAB87B4AEDACCD14 /* Pods */,
				578E8C34A1C59F7B86B76B0E /* Frameworks */,
			);
			sourceTree = "<group>";
		};
		0511B8A2201829000000B2F0 /* Products */ = {
			isa = PBXGroup;
			children = (
				0511B8A1201829000000B2F0 /* FirstOcPods.app */,
				0511B8B9201829000000B2F0 /* FirstOcPodsTests.xctest */,
				0511B8C4201829000000B2F0 /* FirstOcPodsUITests.xctest */,
			);
			name = Products;
			sourceTree = "<group>";
		};
		0511B8A3201829000000B2F0 /* FirstOcPods */ = {
			isa = PBXGroup;
			children = (
				0511B8A4201829000000B2F0 /* AppDelegate.h */,
				0511B8A5201829000000B2F0 /* AppDelegate.m */,
				0511B8A7201829000000B2F0 /* ViewController.h */,
				0511B8A8201829000000B2F0 /* ViewController.m */,
				0511B8AA201829000000B2F0 /* Main.storyboard */,
				0511B8AD201829000000B2F0 /* Assets.xcassets */,
				0511B8AF201829000000B2F0 /* LaunchScreen.storyboard */,
				0511B8B2201829000000B2F0 /* Info.plist */,
				0511B8B3201829000000B2F0 /* main.m */,
				05DED53A20187823008F920D /* MapViewController.h */,
				05DED53B20187823008F920D /* MapViewController.m */,
			);
			path = FirstOcPods;
			sourceTree = "<group>";
		};
		0511B8BC201829000000B2F0 /* FirstOcPodsTests */ = {
			isa = PBXGroup;
			children = (
				0511B8BD201829000000B2F0 /* FirstOcPodsTests.m */,
				0511B8BF201829000000B2F0 /* Info.plist */,
			);
			path = FirstOcPodsTests;
			sourceTree = "<group>";
		};
		0511B8C7201829000000B2F0 /* FirstOcPodsUITests */ = {
			isa = PBXGroup;
			children = (
				0511B8C8201829000000B2F0 /* FirstOcPodsUITests.m */,
				0511B8CA201829000000B2F0 /* Info.plist */,
			);
			path = FirstOcPodsUITests;
			sourceTree = "<group>";
		};
		49E06746EAB87B4AEDACCD14 /* Pods */ = {
			isa = PBXGroup;
			children = (
				51E605384A311AAAB41F950D /* Pods-FirstOcPods.debug.xcconfig */,
				0032B36A7DB078A54E3352B1 /* Pods-FirstOcPods.release.xcconfig */,
			);
			name = Pods;
			sourceTree = "<group>";
		};
		578E8C34A1C59F7B86B76B0E /* Frameworks */ = {
			isa = PBXGroup;
			children = (
				DB4C466DEBB90F79D4BD67D8 /* libPods-FirstOcPods.a */,
			);
			name = Frameworks;
			sourceTree = "<group>";
		};
/* End PBXGroup section */

/* Begin PBXNativeTarget section */
		0511B8A0201829000000B2F0 /* FirstOcPods */ = {
			isa = PBXNativeTarget;
			buildConfigurationList = 0511B8CD201829000000B2F0 /* Build configuration list for PBXNativeTarget "FirstOcPods" */;
			buildPhases = (
				37311ABABDB7A8AE96DD7640 /* [CP] Check Pods Manifest.lock */,
				0511B89D201829000000B2F0 /* Sources */,
				0511B89E201829000000B2F0 /* Frameworks */,
				0511B89F201829000000B2F0 /* Resources */,
				A99D3E52CD91B83BCDF66666 /* [CP] Embed Pods Frameworks */,
				741025F42211A4DCF5D25093 /* [CP] Copy Pods Resources */,
			);
			buildRules = (
			);
			dependencies = (
			);
			name = FirstOcPods;
			productName = FirstOcPods;
			productReference = 0511B8A1201829000000B2F0 /* FirstOcPods.app */;
			productType = "com.apple.product-type.application";
		};
		0511B8B8201829000000B2F0 /* FirstOcPodsTests */ = {
			isa = PBXNativeTarget;
			buildConfigurationList = 0511B8D0201829000000B2F0 /* Build configuration list for PBXNativeTarget "FirstOcPodsTests" */;
			buildPhases = (
				0511B8B5201829000000B2F0 /* Sources */,
				0511B8B6201829000000B2F0 /* Frameworks */,
				0511B8B7201829000000B2F0 /* Resources */,
			);
			buildRules = (
			);
			dependencies = (
				0511B8BB201829000000B2F0 /* PBXTargetDependency */,
			);
			name = FirstOcPodsTests;
			productName = FirstOcPodsTests;
			productReference = 0511B8B9201829000000B2F0 /* FirstOcPodsTests.xctest */;
			productType = "com.apple.product-type.bundle.unit-test";
		};
		0511B8C3201829000000B2F0 /* FirstOcPodsUITests */ = {
			isa = PBXNativeTarget;
			buildConfigurationList = 0511B8D3201829000000B2F0 /* Build configuration list for PBXNativeTarget "FirstOcPodsUITests" */;
			buildPhases = (
				0511B8C0201829000000B2F0 /* Sources */,
				0511B8C1201829000000B2F0 /* Frameworks */,
				0511B8C2201829000000B2F0 /* Resources */,
			);
			buildRules = (
			);
			dependencies = (
				0511B8C6201829000000B2F0 /* PBXTargetDependency */,
			);
			name = FirstOcPodsUITests;
			productName = FirstOcPodsUITests;
			productReference = 0511B8C4201829000000B2F0 /* FirstOcPodsUITests.xctest */;
			productType = "com.apple.product-type.bundle.ui-testing";
		};
/* End PBXNativeTarget section */

/* Begin PBXProject section */
		0511B899201829000000B2F0 /* Project object */ = {
			isa = PBXProject;
			attributes = {
				LastUpgradeCheck = 0900;
				ORGANIZATIONNAME = com.changhong;
				TargetAttributes = {
					0511B8A0201829000000B2F0 = {
						CreatedOnToolsVersion = 9.0;
						ProvisioningStyle = Automatic;
					};
					0511B8B8201829000000B2F0 = {
						CreatedOnToolsVersion = 9.0;
						ProvisioningStyle = Automatic;
						TestTargetID = 0511B8A0201829000000B2F0;
					};
					0511B8C3201829000000B2F0 = {
						CreatedOnToolsVersion = 9.0;
						ProvisioningStyle = Automatic;
						TestTargetID = 0511B8A0201829000000B2F0;
					};
				};
			};
			buildConfigurationList = 0511B89C201829000000B2F0 /* Build configuration list for PBXProject "FirstOcPods" */;
			compatibilityVersion = "Xcode 8.0";
			developmentRegion = en;
			hasScannedForEncodings = 0;
			knownRegions = (
				en,
				Base,
			);
			mainGroup = 0511B898201829000000B2F0;
			productRefGroup = 0511B8A2201829000000B2F0 /* Products */;
			projectDirPath = "";
			projectRoot = "";
			targets = (
				0511B8A0201829000000B2F0 /* FirstOcPods */,
				0511B8B8201829000000B2F0 /* FirstOcPodsTests */,
				0511B8C3201829000000B2F0 /* FirstOcPodsUITests */,
			);
		};
/* End PBXProject section */

/* Begin PBXResourcesBuildPhase section */
		0511B89F201829000000B2F0 /* Resources */ = {
			isa = PBXResourcesBuildPhase;
			buildActionMask = 2147483647;
			files = (
				0511B8B1201829000000B2F0 /* LaunchScreen.storyboard in Resources */,
				0511B8AE201829000000B2F0 /* Assets.xcassets in Resources */,
				0511B8AC201829000000B2F0 /* Main.storyboard in Resources */,
			);
			runOnlyForDeploymentPostprocessing = 0;
		};
		0511B8B7201829000000B2F0 /* Resources */ = {
			isa = PBXResourcesBuildPhase;
			buildActionMask = 2147483647;
			files = (
			);
			runOnlyForDeploymentPostprocessing = 0;
		};
		0511B8C2201829000000B2F0 /* Resources */ = {
			isa = PBXResourcesBuildPhase;
			buildActionMask = 2147483647;
			files = (
			);
			runOnlyForDeploymentPostprocessing = 0;
		};
/* End PBXResourcesBuildPhase section */

/* Begin PBXShellScriptBuildPhase section */
		37311ABABDB7A8AE96DD7640 /* [CP] Check Pods Manifest.lock */ = {
			isa = PBXShellScriptBuildPhase;
			buildActionMask = 2147483647;
			files = (
			);
			inputPaths = (
				"${PODS_PODFILE_DIR_PATH}/Podfile.lock",
				"${PODS_ROOT}/Manifest.lock",
			);
			name = "[CP] Check Pods Manifest.lock";
			outputPaths = (
				"$(DERIVED_FILE_DIR)/Pods-FirstOcPods-checkManifestLockResult.txt",
			);
			runOnlyForDeploymentPostprocessing = 0;
			shellPath = /bin/sh;
			shellScript = "diff \"${PODS_PODFILE_DIR_PATH}/Podfile.lock\" \"${PODS_ROOT}/Manifest.lock\" > /dev/null\nif [ $? != 0 ] ; then\n    # print error to STDERR\n    echo \"error: The sandbox is not in sync with the Podfile.lock. Run 'pod install' or update your CocoaPods installation.\" >&2\n    exit 1\nfi\n# This output is used by Xcode 'outputs' to avoid re-running this script phase.\necho \"SUCCESS\" > \"${SCRIPT_OUTPUT_FILE_0}\"\n";
			showEnvVarsInLog = 0;
		};
		741025F42211A4DCF5D25093 /* [CP] Copy Pods Resources */ = {
			isa = PBXShellScriptBuildPhase;
			buildActionMask = 2147483647;
			files = (
			);
			inputPaths = (
			);
			name = "[CP] Copy Pods Resources";
			outputPaths = (
			);
			runOnlyForDeploymentPostprocessing = 0;
			shellPath = /bin/sh;
			shellScript = "\"${SRCROOT}/Pods/Target Support Files/Pods-FirstOcPods/Pods-FirstOcPods-resources.sh\"\n";
			showEnvVarsInLog = 0;
		};
		A99D3E52CD91B83BCDF66666 /* [CP] Embed Pods Frameworks */ = {
			isa = PBXShellScriptBuildPhase;
			buildActionMask = 2147483647;
			files = (
			);
			inputPaths = (
			);
			name = "[CP] Embed Pods Frameworks";
			outputPaths = (
			);
			runOnlyForDeploymentPostprocessing = 0;
			shellPath = /bin/sh;
			shellScript = "\"${SRCROOT}/Pods/Target Support Files/Pods-FirstOcPods/Pods-FirstOcPods-frameworks.sh\"\n";
			showEnvVarsInLog = 0;
		};
/* End PBXShellScriptBuildPhase section */

/* Begin PBXSourcesBuildPhase section */
		0511B89D201829000000B2F0 /* Sources */ = {
			isa = PBXSourcesBuildPhase;
			buildActionMask = 2147483647;
			files = (
				0511B8A9201829000000B2F0 /* ViewController.m in Sources */,
				0511B8B4201829000000B2F0 /* main.m in Sources */,
				0511B8A6201829000000B2F0 /* AppDelegate.m in Sources */,
				05DED53C20187823008F920D /* MapViewController.m in Sources */,
			);
			runOnlyForDeploymentPostprocessing = 0;
		};
		0511B8B5201829000000B2F0 /* Sources */ = {
			isa = PBXSourcesBuildPhase;
			buildActionMask = 2147483647;
			files = (
				0511B8BE201829000000B2F0 /* FirstOcPodsTests.m in Sources */,
			);
			runOnlyForDeploymentPostprocessing = 0;
		};
		0511B8C0201829000000B2F0 /* Sources */ = {
			isa = PBXSourcesBuildPhase;
			buildActionMask = 2147483647;
			files = (
				0511B8C9201829000000B2F0 /* FirstOcPodsUITests.m in Sources */,
			);
			runOnlyForDeploymentPostprocessing = 0;
		};
/* End PBXSourcesBuildPhase section */

/* Begin PBXTargetDependency section */
		0511B8BB201829000000B2F0 /* PBXTargetDependency */ = {
			isa = PBXTargetDependency;
			target = 0511B8A0201829000000B2F0 /* FirstOcPods */;
			targetProxy = 0511B8BA201829000000B2F0 /* PBXContainerItemProxy */;
		};
		0511B8C6201829000000B2F0 /* PBXTargetDependency */ = {
			isa = PBXTargetDependency;
			target = 0511B8A0201829000000B2F0 /* FirstOcPods */;
			targetProxy = 0511B8C5201829000000B2F0 /* PBXContainerItemProxy */;
		};
/* End PBXTargetDependency section */

/* Begin PBXVariantGroup section */
		0511B8AA201829000000B2F0 /* Main.storyboard */ = {
			isa = PBXVariantGroup;
			children = (
				0511B8AB201829000000B2F0 /* Base */,
			);
			name = Main.storyboard;
			sourceTree = "<group>";
		};
		0511B8AF201829000000B2F0 /* LaunchScreen.storyboard */ = {
			isa = PBXVariantGroup;
			children = (
				0511B8B0201829000000B2F0 /* Base */,
			);
			name = LaunchScreen.storyboard;
			sourceTree = "<group>";
		};
/* End PBXVariantGroup section */

/* Begin XCBuildConfiguration section */
		0511B8CB201829000000B2F0 /* Debug */ = {
			isa = XCBuildConfiguration;
			buildSettings = {
				ALWAYS_SEARCH_USER_PATHS = NO;
				CLANG_ANALYZER_NONNULL = YES;
				CLANG_ANALYZER_NUMBER_OBJECT_CONVERSION = YES_AGGRESSIVE;
				CLANG_CXX_LANGUAGE_STANDARD = "gnu++14";
				CLANG_CXX_LIBRARY = "libc++";
				CLANG_ENABLE_MODULES = YES;
				CLANG_ENABLE_OBJC_ARC = YES;
				CLANG_WARN_BLOCK_CAPTURE_AUTORELEASING = YES;
				CLANG_WARN_BOOL_CONVERSION = YES;
				CLANG_WARN_COMMA = YES;
				CLANG_WARN_CONSTANT_CONVERSION = YES;
				CLANG_WARN_DIRECT_OBJC_ISA_USAGE = YES_ERROR;
				CLANG_WARN_DOCUMENTATION_COMMENTS = YES;
				CLANG_WARN_EMPTY_BODY = YES;
				CLANG_WARN_ENUM_CONVERSION = YES;
				CLANG_WARN_INFINITE_RECURSION = YES;
				CLANG_WARN_INT_CONVERSION = YES;
				CLANG_WARN_NON_LITERAL_NULL_CONVERSION = YES;
				CLANG_WARN_OBJC_LITERAL_CONVERSION = YES;
				CLANG_WARN_OBJC_ROOT_CLASS = YES_ERROR;
				CLANG_WARN_RANGE_LOOP_ANALYSIS = YES;
				CLANG_WARN_STRICT_PROTOTYPES = YES;
				CLANG_WARN_SUSPICIOUS_MOVE = YES;
				CLANG_WARN_UNGUARDED_AVAILABILITY = YES_AGGRESSIVE;
				CLANG_WARN_UNREACHABLE_CODE = YES;
				CLANG_WARN__DUPLICATE_METHOD_MATCH = YES;
				CODE_SIGN_IDENTITY = "iPhone Developer";
				COPY_PHASE_STRIP = NO;
				DEBUG_INFORMATION_FORMAT = dwarf;
				ENABLE_STRICT_OBJC_MSGSEND = YES;
				ENABLE_TESTABILITY = YES;
				GCC_C_LANGUAGE_STANDARD = gnu11;
				GCC_DYNAMIC_NO_PIC = NO;
				GCC_NO_COMMON_BLOCKS = YES;
				GCC_OPTIMIZATION_LEVEL = 0;
				GCC_PREPROCESSOR_DEFINITIONS = (
					"DEBUG=1",
					"$(inherited)",
				);
				GCC_WARN_64_TO_32_BIT_CONVERSION = YES;
				GCC_WARN_ABOUT_RETURN_TYPE = YES_ERROR;
				GCC_WARN_UNDECLARED_SELECTOR = YES;
				GCC_WARN_UNINITIALIZED_AUTOS = YES_AGGRESSIVE;
				GCC_WARN_UNUSED_FUNCTION = YES;
				GCC_WARN_UNUSED_VARIABLE = YES;
				IPHONEOS_DEPLOYMENT_TARGET = 11.0;
				MTL_ENABLE_DEBUG_INFO = YES;
				ONLY_ACTIVE_ARCH = YES;
				SDKROOT = iphoneos;
			};
			name = Debug;
		};
		0511B8CC201829000000B2F0 /* Release */ = {
			isa = XCBuildConfiguration;
			buildSettings = {
				ALWAYS_SEARCH_USER_PATHS = NO;
				CLANG_ANALYZER_NONNULL = YES;
				CLANG_ANALYZER_NUMBER_OBJECT_CONVERSION = YES_AGGRESSIVE;
				CLANG_CXX_LANGUAGE_STANDARD = "gnu++14";
				CLANG_CXX_LIBRARY = "libc++";
				CLANG_ENABLE_MODULES = YES;
				CLANG_ENABLE_OBJC_ARC = YES;
				CLANG_WARN_BLOCK_CAPTURE_AUTORELEASING = YES;
				CLANG_WARN_BOOL_CONVERSION = YES;
				CLANG_WARN_COMMA = YES;
				CLANG_WARN_CONSTANT_CONVERSION = YES;
				CLANG_WARN_DIRECT_OBJC_ISA_USAGE = YES_ERROR;
				CLANG_WARN_DOCUMENTATION_COMMENTS = YES;
				CLANG_WARN_EMPTY_BODY = YES;
				CLANG_WARN_ENUM_CONVERSION = YES;
				CLANG_WARN_INFINITE_RECURSION = YES;
				CLANG_WARN_INT_CONVERSION = YES;
				CLANG_WARN_NON_LITERAL_NULL_CONVERSION = YES;
				CLANG_WARN_OBJC_LITERAL_CONVERSION = YES;
				CLANG_WARN_OBJC_ROOT_CLASS = YES_ERROR;
				CLANG_WARN_RANGE_LOOP_ANALYSIS = YES;
				CLANG_WARN_STRICT_PROTOTYPES = YES;
				CLANG_WARN_SUSPICIOUS_MOVE = YES;
				CLANG_WARN_UNGUARDED_AVAILABILITY = YES_AGGRESSIVE;
				CLANG_WARN_UNREACHABLE_CODE = YES;
				CLANG_WARN__DUPLICATE_METHOD_MATCH = YES;
				CODE_SIGN_IDENTITY = "iPhone Developer";
				COPY_PHASE_STRIP = NO;
				DEBUG_INFORMATION_FORMAT = "dwarf-with-dsym";
				ENABLE_NS_ASSERTIONS = NO;
				ENABLE_STRICT_OBJC_MSGSEND = YES;
				GCC_C_LANGUAGE_STANDARD = gnu11;
				GCC_NO_COMMON_BLOCKS = YES;
				GCC_WARN_64_TO_32_BIT_CONVERSION = YES;
				GCC_WARN_ABOUT_RETURN_TYPE = YES_ERROR;
				GCC_WARN_UNDECLARED_SELECTOR = YES;
				GCC_WARN_UNINITIALIZED_AUTOS = YES_AGGRESSIVE;
				GCC_WARN_UNUSED_FUNCTION = YES;
				GCC_WARN_UNUSED_VARIABLE = YES;
				IPHONEOS_DEPLOYMENT_TARGET = 11.0;
				MTL_ENABLE_DEBUG_INFO = NO;
				SDKROOT = iphoneos;
				VALIDATE_PRODUCT = YES;
			};
			name = Release;
		};
		0511B8CE201829000000B2F0 /* Debug */ = {
			isa = XCBuildConfiguration;
			baseConfigurationReference = 51E605384A311AAAB41F950D /* Pods-FirstOcPods.debug.xcconfig */;
			buildSettings = {
				ASSETCATALOG_COMPILER_APPICON_NAME = AppIcon;
				CODE_SIGN_STYLE = Automatic;
				DEVELOPMENT_TEAM = PNEY52EYP8;
				INFOPLIST_FILE = FirstOcPods/Info.plist;
				IPHONEOS_DEPLOYMENT_TARGET = 9.0;
				LD_RUNPATH_SEARCH_PATHS = "$(inherited) @executable_path/Frameworks";
				PRODUCT_BUNDLE_IDENTIFIER = com.changhong.FirstOcPods;
				PRODUCT_NAME = "$(TARGET_NAME)";
				TARGETED_DEVICE_FAMILY = "1,2";
			};
			name = Debug;
		};
		0511B8CF201829000000B2F0 /* Release */ = {
			isa = XCBuildConfiguration;
			baseConfigurationReference = 0032B36A7DB078A54E3352B1 /* Pods-FirstOcPods.release.xcconfig */;
			buildSettings = {
				ASSETCATALOG_COMPILER_APPICON_NAME = AppIcon;
				CODE_SIGN_STYLE = Automatic;
				DEVELOPMENT_TEAM = PNEY52EYP8;
				INFOPLIST_FILE = FirstOcPods/Info.plist;
				IPHONEOS_DEPLOYMENT_TARGET = 9.0;
				LD_RUNPATH_SEARCH_PATHS = "$(inherited) @executable_path/Frameworks";
				PRODUCT_BUNDLE_IDENTIFIER = com.changhong.FirstOcPods;
				PRODUCT_NAME = "$(TARGET_NAME)";
				TARGETED_DEVICE_FAMILY = "1,2";
			};
			name = Release;
		};
		0511B8D1201829000000B2F0 /* Debug */ = {
			isa = XCBuildConfiguration;
			buildSettings = {
				BUNDLE_LOADER = "$(TEST_HOST)";
				CODE_SIGN_STYLE = Automatic;
				DEVELOPMENT_TEAM = PNEY52EYP8;
				INFOPLIST_FILE = FirstOcPodsTests/Info.plist;
				LD_RUNPATH_SEARCH_PATHS = "$(inherited) @executable_path/Frameworks @loader_path/Frameworks";
				PRODUCT_BUNDLE_IDENTIFIER = com.changhong.FirstOcPodsTests;
				PRODUCT_NAME = "$(TARGET_NAME)";
				TARGETED_DEVICE_FAMILY = "1,2";
				TEST_HOST = "$(BUILT_PRODUCTS_DIR)/FirstOcPods.app/FirstOcPods";
			};
			name = Debug;
		};
		0511B8D2201829000000B2F0 /* Release */ = {
			isa = XCBuildConfiguration;
			buildSettings = {
				BUNDLE_LOADER = "$(TEST_HOST)";
				CODE_SIGN_STYLE = Automatic;
				DEVELOPMENT_TEAM = PNEY52EYP8;
				INFOPLIST_FILE = FirstOcPodsTests/Info.plist;
				LD_RUNPATH_SEARCH_PATHS = "$(inherited) @executable_path/Frameworks @loader_path/Frameworks";
				PRODUCT_BUNDLE_IDENTIFIER = com.changhong.FirstOcPodsTests;
				PRODUCT_NAME = "$(TARGET_NAME)";
				TARGETED_DEVICE_FAMILY = "1,2";
				TEST_HOST = "$(BUILT_PRODUCTS_DIR)/FirstOcPods.app/FirstOcPods";
			};
			name = Release;
		};
		0511B8D4201829000000B2F0 /* Debug */ = {
			isa = XCBuildConfiguration;
			buildSettings = {
				CODE_SIGN_STYLE = Automatic;
				DEVELOPMENT_TEAM = PNEY52EYP8;
				INFOPLIST_FILE = FirstOcPodsUITests/Info.plist;
				LD_RUNPATH_SEARCH_PATHS = "$(inherited) @executable_path/Frameworks @loader_path/Frameworks";
				PRODUCT_BUNDLE_IDENTIFIER = com.changhong.FirstOcPodsUITests;
				PRODUCT_NAME = "$(TARGET_NAME)";
				TARGETED_DEVICE_FAMILY = "1,2";
				TEST_TARGET_NAME = FirstOcPods;
			};
			name = Debug;
		};
		0511B8D5201829000000B2F0 /* Release */ = {
			isa = XCBuildConfiguration;
			buildSettings = {
				CODE_SIGN_STYLE = Automatic;
				DEVELOPMENT_TEAM = PNEY52EYP8;
				INFOPLIST_FILE = FirstOcPodsUITests/Info.plist;
				LD_RUNPATH_SEARCH_PATHS = "$(inherited) @executable_path/Frameworks @loader_path/Frameworks";
				PRODUCT_BUNDLE_IDENTIFIER = com.changhong.FirstOcPodsUITests;
				PRODUCT_NAME = "$(TARGET_NAME)";
				TARGETED_DEVICE_FAMILY = "1,2";
				TEST_TARGET_NAME = FirstOcPods;
			};
			name = Release;
		};
/* End XCBuildConfiguration section */

/* Begin XCConfigurationList section */
		0511B89C201829000000B2F0 /* Build configuration list for PBXProject "FirstOcPods" */ = {
			isa = XCConfigurationList;
			buildConfigurations = (
				0511B8CB201829000000B2F0 /* Debug */,
				0511B8CC201829000000B2F0 /* Release */,
			);
			defaultConfigurationIsVisible = 0;
			defaultConfigurationName = Release;
		};
		0511B8CD201829000000B2F0 /* Build configuration list for PBXNativeTarget "FirstOcPods" */ = {
			isa = XCConfigurationList;
			buildConfigurations = (
				0511B8CE201829000000B2F0 /* Debug */,
				0511B8CF201829000000B2F0 /* Release */,
			);
			defaultConfigurationIsVisible = 0;
			defaultConfigurationName = Release;
		};
		0511B8D0201829000000B2F0 /* Build configuration list for PBXNativeTarget "FirstOcPodsTests" */ = {
			isa = XCConfigurationList;
			buildConfigurations = (
				0511B8D1201829000000B2F0 /* Debug */,
				0511B8D2201829000000B2F0 /* Release */,
			);
			defaultConfigurationIsVisible = 0;
			defaultConfigurationName = Release;
		};
		0511B8D3201829000000B2F0 /* Build configuration list for PBXNativeTarget "FirstOcPodsUITests" */ = {
			isa = XCConfigurationList;
			buildConfigurations = (
				0511B8D4201829000000B2F0 /* Debug */,
				0511B8D5201829000000B2F0 /* Release */,
			);
			defaultConfigurationIsVisible = 0;
			defaultConfigurationName = Release;
		};
/* End XCConfigurationList section */
	};
	rootObject = 0511B899201829000000B2F0 /* Project object */;
}
